{
  "name": "@themost/redis",
  "version": "2.0.4",
  "lockfileVersion": 3,
  "requires": true,
  "packages": {
    "": {
      "name": "@themost/redis",
      "version": "2.0.4",
      "license": "BSD-3-Clause",
      "dependencies": {
        "es6-promisify": "^6.0.1",
        "generic-pool": "^3.7.1",
        "redis": "^2.8.0"
      },
      "devDependencies": {
        "@types/core-js": "^2.5.2",
        "@types/es6-promise": "^3.3.0",
        "@types/es6-shim": "^0.31.39",
        "@types/generic-pool": "^3.1.9",
        "@types/jasmine": "^4.3.1",
        "@types/node": "^12.7.2",
        "@types/redis": "^2.8.13",
        "jasmine": "^4.6.0",
        "jasmine-spec-reporter": "^7.0.0",
        "typescript": "^3.5.3"
      },
      "engines": {
        "node": ">=12"
      },
      "peerDependencies": {
        "@themost/common": "^2"
      }
    },
    "node_modules/@themost/common": {
      "version": "2.7.5",
      "resolved": "https://registry.npmjs.org/@themost/common/-/common-2.7.5.tgz",
      "integrity": "sha512-HrMaQ3p6YXQk9J2ge//qsfnl8jozVOlPl1YEPM55Rc/8Ay7tSl/ak3Z75nyb/1C8gPLaOzRxsvbQnR+8CFXFSA==",
      "peer": true,
      "dependencies": {
        "async": "^2.6.4",
        "blueimp-md5": "^2.7.0",
        "es6-promise": "^4.2.8",
        "events": "^3.2.0",
        "hashmap": "^2.3.0",
        "lodash": "^4.17.21",
        "sprintf-js": "^1.1.2",
        "symbol": "^0.3.1"
      }
    },
    "node_modules/@types/core-js": {
      "version": "2.5.5",
      "resolved": "https://registry.npmjs.org/@types/core-js/-/core-js-2.5.5.tgz",
      "integrity": "sha512-C4vwOHrhsvxn7UFyk4NDQNUpgNKdWsT/bL39UWyD75KSEOObZSKa9mYDOCM5FGeJG2qtbG0XiEbUKND2+j0WOg==",
      "dev": true
    },
    "node_modules/@types/es6-promise": {
      "version": "3.3.0",
      "resolved": "https://registry.npmjs.org/@types/es6-promise/-/es6-promise-3.3.0.tgz",
      "integrity": "sha512-ixCIAEkLUKv9movnHKCzx2rzAJgEnSALDXPrOSSwOjWwXFs0ssSZKan+O2e3FExPPCbX+DfA9NcKsbvLuyUlNA==",
      "deprecated": "This is a stub types definition for es6-promise (https://github.com/jakearchibald/ES6-Promise). es6-promise provides its own type definitions, so you don't need @types/es6-promise installed!",
      "dev": true,
      "dependencies": {
        "es6-promise": "*"
      }
    },
    "node_modules/@types/es6-shim": {
      "version": "0.31.42",
      "resolved": "https://registry.npmjs.org/@types/es6-shim/-/es6-shim-0.31.42.tgz",
      "integrity": "sha512-GS3EuEgiGv/TP7bwPLOlkSiTfdSL4XHOj0jJuvz4/UbR89QrC4Py3lYlMlH/7w0dKfJ8fIori0rVIl2gQ7lb5A==",
      "dev": true
    },
    "node_modules/@types/generic-pool": {
      "version": "3.8.1",
      "resolved": "https://registry.npmjs.org/@types/generic-pool/-/generic-pool-3.8.1.tgz",
      "integrity": "sha512-eaMAbZS0EfKvaP5PUZ/Cdf5uJBO2t6T3RdvQTKuMqUwGhNpCnPAsKWEMyV+mCeCQG3UiHrtgdzni8X6DmhxRaQ==",
      "deprecated": "This is a stub types definition. generic-pool provides its own type definitions, so you do not need this installed.",
      "dev": true,
      "dependencies": {
        "generic-pool": "*"
      }
    },
    "node_modules/@types/jasmine": {
      "version": "4.3.1",
      "resolved": "https://registry.npmjs.org/@types/jasmine/-/jasmine-4.3.1.tgz",
      "integrity": "sha512-Vu8l+UGcshYmV1VWwULgnV/2RDbBaO6i2Ptx7nd//oJPIZGhoI1YLST4VKagD2Pq/Bc2/7zvtvhM7F3p4SN7kQ==",
      "dev": true
    },
    "node_modules/@types/node": {
      "version": "12.20.55",
      "resolved": "https://registry.npmjs.org/@types/node/-/node-12.20.55.tgz",
      "integrity": "sha512-J8xLz7q2OFulZ2cyGTLE1TbbZcjpno7FaN6zdJNrgAdrJ+DZzh/uFR6YrTb4C+nXakvud8Q4+rbhoIWlYQbUFQ==",
      "dev": true
    },
    "node_modules/@types/redis": {
      "version": "2.8.32",
      "resolved": "https://registry.npmjs.org/@types/redis/-/redis-2.8.32.tgz",
      "integrity": "sha512-7jkMKxcGq9p242exlbsVzuJb57KqHRhNl4dHoQu2Y5v9bCAbtIXXH0R3HleSQW4CTOqpHIYUW3t6tpUj4BVQ+w==",
      "dev": true,
      "dependencies": {
        "@types/node": "*"
      }
    },
    "node_modules/async": {
      "version": "2.6.4",
      "resolved": "https://registry.npmjs.org/async/-/async-2.6.4.tgz",
      "integrity": "sha512-mzo5dfJYwAn29PeiJ0zvwTo04zj8HDJj0Mn8TD7sno7q12prdbnasKJHhkm2c1LgrhlJ0teaea8860oxi51mGA==",
      "peer": true,
      "dependencies": {
        "lodash": "^4.17.14"
      }
    },
    "node_modules/balanced-match": {
      "version": "1.0.2",
      "resolved": "https://registry.npmjs.org/balanced-match/-/balanced-match-1.0.2.tgz",
      "integrity": "sha512-3oSeUO0TMV67hN1AmbXsK4yaqU7tjiHlbxRDZOpH0KW9+CeX4bRAaX0Anxt0tx2MrpRpWwQaPwIlISEJhYU5Pw==",
      "dev": true
    },
    "node_modules/blueimp-md5": {
      "version": "2.19.0",
      "resolved": "https://registry.npmjs.org/blueimp-md5/-/blueimp-md5-2.19.0.tgz",
      "integrity": "sha512-DRQrD6gJyy8FbiE4s+bDoXS9hiW3Vbx5uCdwvcCf3zLHL+Iv7LtGHLpr+GZV8rHG8tK766FGYBwRbu8pELTt+w==",
      "peer": true
    },
    "node_modules/brace-expansion": {
      "version": "1.1.11",
      "resolved": "https://registry.npmjs.org/brace-expansion/-/brace-expansion-1.1.11.tgz",
      "integrity": "sha512-iCuPHDFgrHX7H2vEI/5xpz07zSHB00TpugqhmYtVmMO6518mCuRMoOYFldEBl0g187ufozdaHgWKcYFb61qGiA==",
      "dev": true,
      "dependencies": {
        "balanced-match": "^1.0.0",
        "concat-map": "0.0.1"
      }
    },
    "node_modules/colors": {
      "version": "1.4.0",
      "resolved": "https://registry.npmjs.org/colors/-/colors-1.4.0.tgz",
      "integrity": "sha512-a+UqTh4kgZg/SlGvfbzDHpgRu7AAQOmmqRHJnxhRZICKFUT91brVhNNt58CMWU9PsBbv3PDCZUHbVxuDiH2mtA==",
      "dev": true,
      "engines": {
        "node": ">=0.1.90"
      }
    },
    "node_modules/concat-map": {
      "version": "0.0.1",
      "resolved": "https://registry.npmjs.org/concat-map/-/concat-map-0.0.1.tgz",
      "integrity": "sha512-/Srv4dswyQNBfohGpz9o6Yb3Gz3SrUDqBH5rTuhGR7ahtlbYKnVxw2bCFMRljaA7EXHaXZ8wsHdodFvbkhKmqg==",
      "dev": true
    },
    "node_modules/double-ended-queue": {
      "version": "2.1.0-0",
      "resolved": "https://registry.npmjs.org/double-ended-queue/-/double-ended-queue-2.1.0-0.tgz",
      "integrity": "sha512-+BNfZ+deCo8hMNpDqDnvT+c0XpJ5cUa6mqYq89bho2Ifze4URTqRkcwR399hWoTrTkbZ/XJYDgP6rc7pRgffEQ=="
    },
    "node_modules/es6-promise": {
      "version": "4.2.8",
      "resolved": "https://registry.npmjs.org/es6-promise/-/es6-promise-4.2.8.tgz",
      "integrity": "sha512-HJDGx5daxeIvxdBxvG2cb9g4tEvwIk3i8+nhX0yGrYmZUzbkdg8QbDevheDB8gd0//uPj4c1EQua8Q+MViT0/w=="
    },
    "node_modules/es6-promisify": {
      "version": "6.1.1",
      "resolved": "https://registry.npmjs.org/es6-promisify/-/es6-promisify-6.1.1.tgz",
      "integrity": "sha512-HBL8I3mIki5C1Cc9QjKUenHtnG0A5/xA8Q/AllRcfiwl2CZFXGK7ddBiCoRwAix4i2KxcQfjtIVcrVbB3vbmwg=="
    },
    "node_modules/events": {
      "version": "3.3.0",
      "resolved": "https://registry.npmjs.org/events/-/events-3.3.0.tgz",
      "integrity": "sha512-mQw+2fkQbALzQ7V0MY0IqdnXNOeTtP4r0lN9z7AAawCXgqea7bDii20AYrIBrFd/Hx0M2Ocz6S111CaFkUcb0Q==",
      "peer": true,
      "engines": {
        "node": ">=0.8.x"
      }
    },
    "node_modules/fs.realpath": {
      "version": "1.0.0",
      "resolved": "https://registry.npmjs.org/fs.realpath/-/fs.realpath-1.0.0.tgz",
      "integrity": "sha512-OO0pH2lK6a0hZnAdau5ItzHPI6pUlvI7jMVnxUQRtw4owF2wk8lOSabtGDCTP4Ggrg2MbGnWO9X8K1t4+fGMDw==",
      "dev": true
    },
    "node_modules/generic-pool": {
      "version": "3.9.0",
      "resolved": "https://registry.npmjs.org/generic-pool/-/generic-pool-3.9.0.tgz",
      "integrity": "sha512-hymDOu5B53XvN4QT9dBmZxPX4CWhBPPLguTZ9MMFeFa/Kg0xWVfylOVNlJji/E7yTZWFd/q9GO5TxDLq156D7g==",
      "engines": {
        "node": ">= 4"
      }
    },
    "node_modules/glob": {
      "version": "7.2.3",
      "resolved": "https://registry.npmjs.org/glob/-/glob-7.2.3.tgz",
      "integrity": "sha512-nFR0zLpU2YCaRxwoCJvL6UvCH2JFyFVIvwTLsIf21AuHlMskA1hhTdk+LlYJtOlYt9v6dvszD2BGRqBL+iQK9Q==",
      "dev": true,
      "dependencies": {
        "fs.realpath": "^1.0.0",
        "inflight": "^1.0.4",
        "inherits": "2",
        "minimatch": "^3.1.1",
        "once": "^1.3.0",
        "path-is-absolute": "^1.0.0"
      },
      "engines": {
        "node": "*"
      },
      "funding": {
        "url": "https://github.com/sponsors/isaacs"
      }
    },
    "node_modules/hashmap": {
      "version": "2.4.0",
      "resolved": "https://registry.npmjs.org/hashmap/-/hashmap-2.4.0.tgz",
      "integrity": "sha512-Ngj48lhnxJdnBAEVbubKBJuN1elfVLZJs94ZixRi98X3GCU4v6pgj9qRkHt6H8WaVJ69Wv0r1GhtS7hvF9zCgg==",
      "peer": true,
      "engines": {
        "node": "*"
      }
    },
    "node_modules/inflight": {
      "version": "1.0.6",
      "resolved": "https://registry.npmjs.org/inflight/-/inflight-1.0.6.tgz",
      "integrity": "sha512-k92I/b08q4wvFscXCLvqfsHCrjrF7yiXsQuIVvVE7N82W3+aqpzuUdBbfhWcy/FZR3/4IgflMgKLOsvPDrGCJA==",
      "dev": true,
      "dependencies": {
        "once": "^1.3.0",
        "wrappy": "1"
      }
    },
    "node_modules/inherits": {
      "version": "2.0.4",
      "resolved": "https://registry.npmjs.org/inherits/-/inherits-2.0.4.tgz",
      "integrity": "sha512-k/vGaX4/Yla3WzyMCvTQOXYeIHvqOKtnqBduzTHpzpQZzAskKMhZ2K+EnBiSM9zGSoIFeMpXKxa4dYeZIQqewQ==",
      "dev": true
    },
    "node_modules/jasmine": {
      "version": "4.6.0",
      "resolved": "https://registry.npmjs.org/jasmine/-/jasmine-4.6.0.tgz",
      "integrity": "sha512-iq7HQ5M8ydNUspjd9vbFW9Lu+6lQ1QLDIqjl0WysEllF5EJZy8XaUyNlhCJVwOx2YFzqTtARWbS56F/f0PzRFw==",
      "dev": true,
      "dependencies": {
        "glob": "^7.1.6",
        "jasmine-core": "^4.6.0"
      },
      "bin": {
        "jasmine": "bin/jasmine.js"
      }
    },
    "node_modules/jasmine-core": {
      "version": "4.6.0",
      "resolved": "https://registry.npmjs.org/jasmine-core/-/jasmine-core-4.6.0.tgz",
      "integrity": "sha512-O236+gd0ZXS8YAjFx8xKaJ94/erqUliEkJTDedyE7iHvv4ZVqi+q+8acJxu05/WJDKm512EUNn809In37nWlAQ==",
      "dev": true
    },
    "node_modules/jasmine-spec-reporter": {
      "version": "7.0.0",
      "resolved": "https://registry.npmjs.org/jasmine-spec-reporter/-/jasmine-spec-reporter-7.0.0.tgz",
      "integrity": "sha512-OtC7JRasiTcjsaCBPtMO0Tl8glCejM4J4/dNuOJdA8lBjz4PmWjYQ6pzb0uzpBNAWJMDudYuj9OdXJWqM2QTJg==",
      "dev": true,
      "dependencies": {
        "colors": "1.4.0"
      }
    },
    "node_modules/lodash": {
      "version": "4.17.21",
      "resolved": "https://registry.npmjs.org/lodash/-/lodash-4.17.21.tgz",
      "integrity": "sha512-v2kDEe57lecTulaDIuNTPy3Ry4gLGJ6Z1O3vE1krgXZNrsQ+LFTGHVxVjcXPs17LhbZVGedAJv8XZ1tvj5FvSg==",
      "peer": true
    },
    "node_modules/minimatch": {
      "version": "3.1.2",
      "resolved": "https://registry.npmjs.org/minimatch/-/minimatch-3.1.2.tgz",
      "integrity": "sha512-J7p63hRiAjw1NDEww1W7i37+ByIrOWO5XQQAzZ3VOcL0PNybwpfmV/N05zFAzwQ9USyEcX6t3UO+K5aqBQOIHw==",
      "dev": true,
      "dependencies": {
        "brace-expansion": "^1.1.7"
      },
      "engines": {
        "node": "*"
      }
    },
    "node_modules/once": {
      "version": "1.4.0",
      "resolved": "https://registry.npmjs.org/once/-/once-1.4.0.tgz",
      "integrity": "sha512-lNaJgI+2Q5URQBkccEKHTQOPaXdUxnZZElQTZY0MFUAuaEqe1E+Nyvgdz/aIyNi6Z9MzO5dv1H8n58/GELp3+w==",
      "dev": true,
      "dependencies": {
        "wrappy": "1"
      }
    },
    "node_modules/path-is-absolute": {
      "version": "1.0.1",
      "resolved": "https://registry.npmjs.org/path-is-absolute/-/path-is-absolute-1.0.1.tgz",
      "integrity": "sha512-AVbw3UJ2e9bq64vSaS9Am0fje1Pa8pbGqTTsmXfaIiMpnr5DlDhfJOuLj9Sf95ZPVDAUerDfEk88MPmPe7UCQg==",
      "dev": true,
      "engines": {
        "node": ">=0.10.0"
      }
    },
    "node_modules/redis": {
      "version": "2.8.0",
      "resolved": "https://registry.npmjs.org/redis/-/redis-2.8.0.tgz",
      "integrity": "sha512-M1OkonEQwtRmZv4tEWF2VgpG0JWJ8Fv1PhlgT5+B+uNq2cA3Rt1Yt/ryoR+vQNOQcIEgdCdfH0jr3bDpihAw1A==",
      "dependencies": {
        "double-ended-queue": "^2.1.0-0",
        "redis-commands": "^1.2.0",
        "redis-parser": "^2.6.0"
      },
      "engines": {
        "node": ">=0.10.0"
      }
    },
    "node_modules/redis-commands": {
      "version": "1.7.0",
      "resolved": "https://registry.npmjs.org/redis-commands/-/redis-commands-1.7.0.tgz",
      "integrity": "sha512-nJWqw3bTFy21hX/CPKHth6sfhZbdiHP6bTawSgQBlKOVRG7EZkfHbbHwQJnrE4vsQf0CMNE+3gJ4Fmm16vdVlQ=="
    },
    "node_modules/redis-parser": {
      "version": "2.6.0",
      "resolved": "https://registry.npmjs.org/redis-parser/-/redis-parser-2.6.0.tgz",
      "integrity": "sha512-9Hdw19gwXFBJdN8ENUoNVJFRyMDFrE/ZBClPicKYDPwNPJ4ST1TedAHYNSiGKElwh2vrmRGMoJYbVdJd+WQXIw==",
      "engines": {
        "node": ">=0.10.0"
      }
    },
    "node_modules/sprintf-js": {
      "version": "1.1.2",
      "resolved": "https://registry.npmjs.org/sprintf-js/-/sprintf-js-1.1.2.tgz",
      "integrity": "sha512-VE0SOVEHCk7Qc8ulkWw3ntAzXuqf7S2lvwQaDLRnUeIEaKNQJzV6BwmLKhOqT61aGhfUMrXeaBk+oDGCzvhcug==",
      "peer": true
    },
    "node_modules/symbol": {
      "version": "0.3.1",
      "resolved": "https://registry.npmjs.org/symbol/-/symbol-0.3.1.tgz",
      "integrity": "sha512-SxMrE6uv9zhnBmTCpZna1u0TcZix1k2QASZ/DpF13rAo+0Ts40faFYsMTuAirgvbbjHw1byhJ949/fP20XzVZA==",
      "peer": true
    },
    "node_modules/typescript": {
      "version": "3.9.10",
      "resolved": "https://registry.npmjs.org/typescript/-/typescript-3.9.10.tgz",
      "integrity": "sha512-w6fIxVE/H1PkLKcCPsFqKE7Kv7QUwhU8qQY2MueZXWx5cPZdwFupLgKK3vntcK98BtNHZtAF4LA/yl2a7k8R6Q==",
      "dev": true,
      "bin": {
        "tsc": "bin/tsc",
        "tsserver": "bin/tsserver"
      },
      "engines": {
        "node": ">=4.2.0"
      }
    },
    "node_modules/wrappy": {
      "version": "1.0.2",
      "resolved": "https://registry.npmjs.org/wrappy/-/wrappy-1.0.2.tgz",
      "integrity": "sha512-l4Sp/DRseor9wL6EvV2+TuQn63dMkPjZ/sp9XkghTEbV9KlPS1xUsZ3u7/IQO4wxtcFB4bgpQPRcR3QCvezPcQ==",
      "dev": true
    }
  }
}
